{
  "name": "Vno",
  "version": "0.1.0",
  "lockfileVersion": 1,
  "requires": true,
  "dependencies": {
    "bourbon": {
      "version": "5.0.1",
      "resolved": "https://registry.npmjs.org/bourbon/-/bourbon-5.0.1.tgz",
      "integrity": "sha512-bLxjuGghrEHVXwymt/tEQmH78NA0XjkRNXKnazQU+OrHMHT48PLB4y3O00x7FkWWwCKzzvReUez+AxRWgr5WSA=="
    }
  }
}
